
Microsoft Visual Studio Solution File, Format Version 12.00
# Visual Studio Version 16
VisualStudioVersion = 16.0.31729.503
MinimumVisualStudioVersion = 10.0.40219.1
Project("{FAE04EC0-301F-11D3-BF4B-00C04F79EFBC}") = "GestorJuegos", "GestorJuegos\GestorJuegos.csproj", "{F5F8F4EC-0A38-499D-BA71-462C071E265C}"
EndProject
Project("{FAE04EC0-301F-11D3-BF4B-00C04F79EFBC}") = "CapaDatos", "CapaDatos\CapaDatos.csproj", "{EF9F6702-9C33-45A5-AB7B-88F39DBDA638}"
EndProject
Project("{FAE04EC0-301F-11D3-BF4B-00C04F79EFBC}") = "CapaNegocio", "CapaNegocio\CapaNegocio.csproj", "{3582679B-E5B7-4A77-9A90-12A0789C385D}"
EndProject
Global
	GlobalSection(SolutionConfigurationPlatforms) = preSolution
		Debug|Any CPU = Debug|Any CPU
		Release|Any CPU = Release|Any CPU
	EndGlobalSection
	GlobalSection(ProjectConfigurationPlatforms) = postSolution
		{F5F8F4EC-0A38-499D-BA71-462C071E265C}.Debug|Any CPU.ActiveCfg = Debug|Any CPU
		{F5F8F4EC-0A38-499D-BA71-462C071E265C}.Debug|Any CPU.Build.0 = Debug|Any CPU
		{F5F8F4EC-0A38-499D-BA71-462C071E265C}.Release|Any CPU.ActiveCfg = Release|Any CPU
		{F5F8F4EC-0A38-499D-BA71-462C071E265C}.Release|Any CPU.Build.0 = Release|Any CPU
		{EF9F6702-9C33-45A5-AB7B-88F39DBDA638}.Debug|Any CPU.ActiveCfg = Debug|Any CPU
		{EF9F6702-9C33-45A5-AB7B-88F39DBDA638}.Debug|Any CPU.Build.0 = Debug|Any CPU
		{EF9F6702-9C33-45A5-AB7B-88F39DBDA638}.Release|Any CPU.ActiveCfg = Release|Any CPU
		{EF9F6702-9C33-45A5-AB7B-88F39DBDA638}.Release|Any CPU.Build.0 = Release|Any CPU
		{3582679B-E5B7-4A77-9A90-12A0789C385D}.Debug|Any CPU.ActiveCfg = Debug|Any CPU
		{3582679B-E5B7-4A77-9A90-12A0789C385D}.Debug|Any CPU.Build.0 = Debug|Any CPU
		{3582679B-E5B7-4A77-9A90-12A0789C385D}.Release|Any CPU.ActiveCfg = Release|Any CPU
		{3582679B-E5B7-4A77-9A90-12A0789C385D}.Release|Any CPU.Build.0 = Release|Any CPU
	EndGlobalSection
	GlobalSection(SolutionProperties) = preSolution
		HideSolutionNode = FALSE
	EndGlobalSection
	GlobalSection(ExtensibilityGlobals) = postSolution
		SolutionGuid = {958C6633-DF05-4395-89BE-E307658E7EDA}
	EndGlobalSection
EndGlobal
